
Microsoft Visual Studio Solution File, Format Version 12.00
# Visual Studio 15
VisualStudioVersion = 15.0.27004.2005
MinimumVisualStudioVersion = 10.0.40219.1
Project("{FAE04EC0-301F-11D3-BF4B-00C04F79EFBC}") = "pii_lab2", "pii_lab2\pii_lab2.csproj", "{2C4B145F-95F0-4E56-867A-17D1061D687A}"
EndProject
Global
	GlobalSection(SolutionConfigurationPlatforms) = preSolution
		Debug|Any CPU = Debug|Any CPU
		Release|Any CPU = Release|Any CPU
	EndGlobalSection
	GlobalSection(ProjectConfigurationPlatforms) = postSolution
		{2C4B145F-95F0-4E56-867A-17D1061D687A}.Debug|Any CPU.ActiveCfg = Debug|Any CPU
		{2C4B145F-95F0-4E56-867A-17D1061D687A}.Debug|Any CPU.Build.0 = Debug|Any CPU
		{2C4B145F-95F0-4E56-867A-17D1061D687A}.Release|Any CPU.ActiveCfg = Release|Any CPU
		{2C4B145F-95F0-4E56-867A-17D1061D687A}.Release|Any CPU.Build.0 = Release|Any CPU
	EndGlobalSection
	GlobalSection(SolutionProperties) = preSolution
		HideSolutionNode = FALSE
	EndGlobalSection
	GlobalSection(ExtensibilityGlobals) = postSolution
		SolutionGuid = {062ECF9F-A36D-4A3E-912B-1963C85BAE39}
	EndGlobalSection
EndGlobal
